# THIS IS AN AUTOGENERATED FILE. DO NOT EDIT THIS FILE DIRECTLY.
# yarn lockfile v1


posthog-plugins@^0.2.2:
  version "0.2.4"
  resolved "https://registry.yarnpkg.com/posthog-plugins/-/posthog-plugins-0.2.4.tgz#e4050795e7e14ada29de301f6b15e900bbad2ce8"
  integrity sha512-M+t4Juu/Vr/GSRwjNDXunarPck7YXEqF6AKb4u5tRrOBI2VIyHjJiLtsIj5SwVsl4VKpMyyfahV/0No7ByT3TA==
